
Microsoft Visual Studio Solution File, Format Version 12.00
# Visual Studio 15
VisualStudioVersion = 15.0.27428.1
MinimumVisualStudioVersion = 10.0.40219.1
Project("{8BC9CEB8-8B4A-11D0-8D11-00A0C91BC942}") = "max.cpp", "max.cpp\max.cpp.vcxproj", "{A1234A76-A9AF-4D2D-B233-1F7741FADCAF}"
EndProject
Project("{8BC9CEB8-8B4A-11D0-8D11-00A0C91BC942}") = "maxTest1", "maxTest1\maxTest1.vcxproj", "{6A3105FC-0B80-4FB7-9D3C-BE52B0552434}"
EndProject
Global
	GlobalSection(SolutionConfigurationPlatforms) = preSolution
		Debug|x64 = Debug|x64
		Debug|x86 = Debug|x86
		Release|x64 = Release|x64
		Release|x86 = Release|x86
	EndGlobalSection
	GlobalSection(ProjectConfigurationPlatforms) = postSolution
		{A1234A76-A9AF-4D2D-B233-1F7741FADCAF}.Debug|x64.ActiveCfg = Debug|x64
		{A1234A76-A9AF-4D2D-B233-1F7741FADCAF}.Debug|x64.Build.0 = Debug|x64
		{A1234A76-A9AF-4D2D-B233-1F7741FADCAF}.Debug|x86.ActiveCfg = Debug|Win32
		{A1234A76-A9AF-4D2D-B233-1F7741FADCAF}.Debug|x86.Build.0 = Debug|Win32
		{A1234A76-A9AF-4D2D-B233-1F7741FADCAF}.Release|x64.ActiveCfg = Release|x64
		{A1234A76-A9AF-4D2D-B233-1F7741FADCAF}.Release|x64.Build.0 = Release|x64
		{A1234A76-A9AF-4D2D-B233-1F7741FADCAF}.Release|x86.ActiveCfg = Release|Win32
		{A1234A76-A9AF-4D2D-B233-1F7741FADCAF}.Release|x86.Build.0 = Release|Win32
		{6A3105FC-0B80-4FB7-9D3C-BE52B0552434}.Debug|x64.ActiveCfg = Debug|x64
		{6A3105FC-0B80-4FB7-9D3C-BE52B0552434}.Debug|x64.Build.0 = Debug|x64
		{6A3105FC-0B80-4FB7-9D3C-BE52B0552434}.Debug|x86.ActiveCfg = Debug|Win32
		{6A3105FC-0B80-4FB7-9D3C-BE52B0552434}.Debug|x86.Build.0 = Debug|Win32
		{6A3105FC-0B80-4FB7-9D3C-BE52B0552434}.Release|x64.ActiveCfg = Release|x64
		{6A3105FC-0B80-4FB7-9D3C-BE52B0552434}.Release|x64.Build.0 = Release|x64
		{6A3105FC-0B80-4FB7-9D3C-BE52B0552434}.Release|x86.ActiveCfg = Release|Win32
		{6A3105FC-0B80-4FB7-9D3C-BE52B0552434}.Release|x86.Build.0 = Release|Win32
	EndGlobalSection
	GlobalSection(SolutionProperties) = preSolution
		HideSolutionNode = FALSE
	EndGlobalSection
	GlobalSection(ExtensibilityGlobals) = postSolution
		SolutionGuid = {47869CF4-A552-423C-8AD5-529C1A045EB0}
	EndGlobalSection
EndGlobal
